
Microsoft Visual Studio Solution File, Format Version 12.00
# Visual Studio Version 17
VisualStudioVersion = 17.9.34714.143
MinimumVisualStudioVersion = 10.0.40219.1
Project("{FAE04EC0-301F-11D3-BF4B-00C04F79EFBC}") = "OSK_proj_1", "OSK_proj_1\OSK_proj_1.csproj", "{FD0F480E-7B26-47B1-AB43-B6FF1F1F27D5}"
EndProject
Global
	GlobalSection(SolutionConfigurationPlatforms) = preSolution
		Debug|Any CPU = Debug|Any CPU
		Release|Any CPU = Release|Any CPU
	EndGlobalSection
	GlobalSection(ProjectConfigurationPlatforms) = postSolution
		{FD0F480E-7B26-47B1-AB43-B6FF1F1F27D5}.Debug|Any CPU.ActiveCfg = Debug|Any CPU
		{FD0F480E-7B26-47B1-AB43-B6FF1F1F27D5}.Debug|Any CPU.Build.0 = Debug|Any CPU
		{FD0F480E-7B26-47B1-AB43-B6FF1F1F27D5}.Release|Any CPU.ActiveCfg = Release|Any CPU
		{FD0F480E-7B26-47B1-AB43-B6FF1F1F27D5}.Release|Any CPU.Build.0 = Release|Any CPU
	EndGlobalSection
	GlobalSection(SolutionProperties) = preSolution
		HideSolutionNode = FALSE
	EndGlobalSection
	GlobalSection(ExtensibilityGlobals) = postSolution
		SolutionGuid = {456F0D07-52E8-47DA-9541-EABE8F21A569}
	EndGlobalSection
EndGlobal
