
Microsoft Visual Studio Solution File, Format Version 12.00
# Visual Studio Version 17
VisualStudioVersion = 17.9.34714.143
MinimumVisualStudioVersion = 10.0.40219.1
Project("{FAE04EC0-301F-11D3-BF4B-00C04F79EFBC}") = "OSK_RS232", "OSK_RS232.csproj", "{33056713-B977-418E-AF64-8C4B488F0C51}"
EndProject
Global
	GlobalSection(SolutionConfigurationPlatforms) = preSolution
		Debug|Any CPU = Debug|Any CPU
		Release|Any CPU = Release|Any CPU
	EndGlobalSection
	GlobalSection(ProjectConfigurationPlatforms) = postSolution
		{33056713-B977-418E-AF64-8C4B488F0C51}.Debug|Any CPU.ActiveCfg = Debug|Any CPU
		{33056713-B977-418E-AF64-8C4B488F0C51}.Debug|Any CPU.Build.0 = Debug|Any CPU
		{33056713-B977-418E-AF64-8C4B488F0C51}.Release|Any CPU.ActiveCfg = Release|Any CPU
		{33056713-B977-418E-AF64-8C4B488F0C51}.Release|Any CPU.Build.0 = Release|Any CPU
	EndGlobalSection
	GlobalSection(SolutionProperties) = preSolution
		HideSolutionNode = FALSE
	EndGlobalSection
	GlobalSection(ExtensibilityGlobals) = postSolution
		SolutionGuid = {49D08D20-135E-4E7E-A2E3-7721E3F290E2}
	EndGlobalSection
EndGlobal
