
Microsoft Visual Studio Solution File, Format Version 12.00
# Visual Studio Version 17
VisualStudioVersion = 17.9.34714.143
MinimumVisualStudioVersion = 10.0.40219.1
Project("{FAE04EC0-301F-11D3-BF4B-00C04F79EFBC}") = "OSK_proj_2", "OSK_proj_2.csproj", "{132AC793-1789-4249-8CAF-5948E0252190}"
EndProject
Global
	GlobalSection(SolutionConfigurationPlatforms) = preSolution
		Debug|Any CPU = Debug|Any CPU
		Release|Any CPU = Release|Any CPU
	EndGlobalSection
	GlobalSection(ProjectConfigurationPlatforms) = postSolution
		{132AC793-1789-4249-8CAF-5948E0252190}.Debug|Any CPU.ActiveCfg = Debug|Any CPU
		{132AC793-1789-4249-8CAF-5948E0252190}.Debug|Any CPU.Build.0 = Debug|Any CPU
		{132AC793-1789-4249-8CAF-5948E0252190}.Release|Any CPU.ActiveCfg = Release|Any CPU
		{132AC793-1789-4249-8CAF-5948E0252190}.Release|Any CPU.Build.0 = Release|Any CPU
	EndGlobalSection
	GlobalSection(SolutionProperties) = preSolution
		HideSolutionNode = FALSE
	EndGlobalSection
	GlobalSection(ExtensibilityGlobals) = postSolution
		SolutionGuid = {DA23EAD2-B007-46AE-B9F1-D406173479E1}
	EndGlobalSection
EndGlobal
